<Solution>
  <Project Path="Clase String/Clase String.csproj" Id="c07db8ea-ce3a-4949-83e0-e31ec6198ce8" />
  <Project Path="Constructors y Destructores/Constructors y Destructores.csproj" Id="8d34134f-f3dc-4166-b119-ef2048f6dbd7" />
  <Project Path="Ejemplo 2/Proyecto 2 con Net Framework.csproj" Id="004583cc-3688-49d6-9c4b-e645fbd6b48a" />
  <Project Path="Ejercicio 1 con Clases - Portón Automático (incremental en 3 pasos)/Ejercicio 1 con Clases - Portón Automático (incremental en 3 pasos).csproj" Id="ece2ab0c-2495-485b-840c-8f7aef29ee15" />
  <Project Path="Ejercicio 2 con Clases - Cuenta Bancaria/Ejercicio 2 con Clases - Cuenta Bancaria.csproj" Id="6c571de9-6e23-4a63-8b66-bcfd8384ac82" />
  <Project Path="Ejercicio 3 con Clases - Cafetera/Ejercicio 3 con Clases - Cafetera.csproj" Id="faba9fb2-227c-4477-92ec-82a1f39f8b01" />
  <Project Path="Herencia 2/Herencia 2.csproj" Id="f9bab7b3-6c52-4388-b6b4-437d376783d6" />
  <Project Path="Primer Proyecto con WinForm con Net Framework/Primer Proyecto con WinForm con Net Framework.csproj" Id="c6a61f95-fd19-44b6-8495-0070cf1a2e6b" />
  <Project Path="Primer Proyecto Prog lll/Primer Proyecto Prog lll.csproj" />
  <Project Path="Proyecto 3 con Net Framework/Proyecto 3 con Net Framework.csproj" Id="2836e2b5-ce30-4bc0-9880-d17e39f6703a" />
  <Project Path="Proyecto 4 con Net Framework/Proyecto 4 con Net Framework.csproj" Id="b1b09e5d-7345-4099-ad58-eb42c0381e91" />
  <Project Path="Proyecto 6 con Net Framework/Proyecto 6 con Net Framework.csproj" Id="b502ac33-98a7-4df8-973e-0ce89165b9bf" />
  <Project Path="Proyecto 6 de/Proyecto 7 de Consola con Net Framework CLASES.csproj" Id="7ba1cd39-8c9e-4e88-bc42-20948aa17160" />
  <Project Path="Proyecto 8 - Clases con Net Framework/Proyecto 8 - Clases con Net Framework.csproj" Id="0019a8dc-bc80-481d-8642-1f39abb955fd" />
  <Project Path="Proyecto 8 - Clases/Proyecto 8 - Clases.csproj" />
  <Project Path="Proyecto Clases - Herencia/Proyecto Clases - Herencia.csproj" Id="d34ea452-b266-436e-ab23-269c14d8347f" />
  <Project Path="Prpyecto 5 con Net Framework/Proyecto 5 con Net Framework.csproj" Id="432b97cc-9190-4bc3-80fa-d3ddc91c2886" />
</Solution>
